
Microsoft Visual Studio Solution File, Format Version 12.00
# Visual Studio Version 16
VisualStudioVersion = 25.0.1706.14
MinimumVisualStudioVersion = 10.0.40219.1
Project("{FAE04EC0-301F-11D3-BF4B-00C04F79EFBC}") = "DSARunner", "DSARunner\DSARunner.csproj", "{D6BF6ECB-30E8-414A-B3A0-D43432B4A8B9}"
EndProject
Project("{FAE04EC0-301F-11D3-BF4B-00C04F79EFBC}") = "BTree", "BTree\BTree.csproj", "{EDC94564-28B9-483B-A213-186E2B969BBB}"
EndProject
Project("{F2A71F9B-5D33-465A-A702-920D77279786}") = "Graph", "Graph\Graph.fsproj", "{36D4D4C5-8DF5-457D-9AF6-FE7CA0182097}"
EndProject
Project("{2150E333-8FDC-42A3-9474-1A3956D46DE8}") = "Shared", "Shared", "{B8CF8508-226D-4934-8A49-7C1F80FCF818}"
EndProject
Project("{FAE04EC0-301F-11D3-BF4B-00C04F79EFBC}") = "DSALinkedList", "DSALinkedList\DSALinkedList.csproj", "{BC35C04F-C3AD-41AD-95F0-5E4CFFF4B678}"
EndProject
Project("{FAE04EC0-301F-11D3-BF4B-00C04F79EFBC}") = "DSAStack", "DSAStack\DSAStack.csproj", "{468C0DEB-FC59-4BD6-809A-1D0E68250628}"
EndProject
Project("{FAE04EC0-301F-11D3-BF4B-00C04F79EFBC}") = "DSAQueue", "DSAQueue\DSAQueue.csproj", "{C9AD905A-42B0-43FE-9E4A-5933BCBB1249}"
EndProject
Project("{FAE04EC0-301F-11D3-BF4B-00C04F79EFBC}") = "DSASort", "DSASort\DSASort.csproj", "{BE5D6A05-7B3E-4C31-AC80-766F2029DE9B}"
EndProject
Global
	GlobalSection(SolutionConfigurationPlatforms) = preSolution
		Debug|Any CPU = Debug|Any CPU
		Release|Any CPU = Release|Any CPU
	EndGlobalSection
	GlobalSection(ProjectConfigurationPlatforms) = postSolution
		{D6BF6ECB-30E8-414A-B3A0-D43432B4A8B9}.Debug|Any CPU.ActiveCfg = Debug|Any CPU
		{D6BF6ECB-30E8-414A-B3A0-D43432B4A8B9}.Debug|Any CPU.Build.0 = Debug|Any CPU
		{D6BF6ECB-30E8-414A-B3A0-D43432B4A8B9}.Release|Any CPU.ActiveCfg = Release|Any CPU
		{D6BF6ECB-30E8-414A-B3A0-D43432B4A8B9}.Release|Any CPU.Build.0 = Release|Any CPU
		{EDC94564-28B9-483B-A213-186E2B969BBB}.Debug|Any CPU.ActiveCfg = Debug|Any CPU
		{EDC94564-28B9-483B-A213-186E2B969BBB}.Debug|Any CPU.Build.0 = Debug|Any CPU
		{EDC94564-28B9-483B-A213-186E2B969BBB}.Release|Any CPU.ActiveCfg = Release|Any CPU
		{EDC94564-28B9-483B-A213-186E2B969BBB}.Release|Any CPU.Build.0 = Release|Any CPU
		{36D4D4C5-8DF5-457D-9AF6-FE7CA0182097}.Debug|Any CPU.ActiveCfg = Debug|Any CPU
		{36D4D4C5-8DF5-457D-9AF6-FE7CA0182097}.Debug|Any CPU.Build.0 = Debug|Any CPU
		{36D4D4C5-8DF5-457D-9AF6-FE7CA0182097}.Release|Any CPU.ActiveCfg = Release|Any CPU
		{36D4D4C5-8DF5-457D-9AF6-FE7CA0182097}.Release|Any CPU.Build.0 = Release|Any CPU
		{BC35C04F-C3AD-41AD-95F0-5E4CFFF4B678}.Debug|Any CPU.ActiveCfg = Debug|Any CPU
		{BC35C04F-C3AD-41AD-95F0-5E4CFFF4B678}.Debug|Any CPU.Build.0 = Debug|Any CPU
		{BC35C04F-C3AD-41AD-95F0-5E4CFFF4B678}.Release|Any CPU.ActiveCfg = Release|Any CPU
		{BC35C04F-C3AD-41AD-95F0-5E4CFFF4B678}.Release|Any CPU.Build.0 = Release|Any CPU
		{468C0DEB-FC59-4BD6-809A-1D0E68250628}.Debug|Any CPU.ActiveCfg = Debug|Any CPU
		{468C0DEB-FC59-4BD6-809A-1D0E68250628}.Debug|Any CPU.Build.0 = Debug|Any CPU
		{468C0DEB-FC59-4BD6-809A-1D0E68250628}.Release|Any CPU.ActiveCfg = Release|Any CPU
		{468C0DEB-FC59-4BD6-809A-1D0E68250628}.Release|Any CPU.Build.0 = Release|Any CPU
		{C9AD905A-42B0-43FE-9E4A-5933BCBB1249}.Debug|Any CPU.ActiveCfg = Debug|Any CPU
		{C9AD905A-42B0-43FE-9E4A-5933BCBB1249}.Debug|Any CPU.Build.0 = Debug|Any CPU
		{C9AD905A-42B0-43FE-9E4A-5933BCBB1249}.Release|Any CPU.ActiveCfg = Release|Any CPU
		{C9AD905A-42B0-43FE-9E4A-5933BCBB1249}.Release|Any CPU.Build.0 = Release|Any CPU
		{BE5D6A05-7B3E-4C31-AC80-766F2029DE9B}.Debug|Any CPU.ActiveCfg = Debug|Any CPU
		{BE5D6A05-7B3E-4C31-AC80-766F2029DE9B}.Debug|Any CPU.Build.0 = Debug|Any CPU
		{BE5D6A05-7B3E-4C31-AC80-766F2029DE9B}.Release|Any CPU.ActiveCfg = Release|Any CPU
		{BE5D6A05-7B3E-4C31-AC80-766F2029DE9B}.Release|Any CPU.Build.0 = Release|Any CPU
	EndGlobalSection
	GlobalSection(SolutionProperties) = preSolution
		HideSolutionNode = FALSE
	EndGlobalSection
	GlobalSection(ExtensibilityGlobals) = postSolution
		SolutionGuid = {F94797BE-9936-4FEE-9A21-A4F6E17B57B8}
	EndGlobalSection
	GlobalSection(NestedProjects) = preSolution
		{EDC94564-28B9-483B-A213-186E2B969BBB} = {B8CF8508-226D-4934-8A49-7C1F80FCF818}
		{36D4D4C5-8DF5-457D-9AF6-FE7CA0182097} = {B8CF8508-226D-4934-8A49-7C1F80FCF818}
		{BC35C04F-C3AD-41AD-95F0-5E4CFFF4B678} = {B8CF8508-226D-4934-8A49-7C1F80FCF818}
		{468C0DEB-FC59-4BD6-809A-1D0E68250628} = {B8CF8508-226D-4934-8A49-7C1F80FCF818}
		{C9AD905A-42B0-43FE-9E4A-5933BCBB1249} = {B8CF8508-226D-4934-8A49-7C1F80FCF818}
		{BE5D6A05-7B3E-4C31-AC80-766F2029DE9B} = {B8CF8508-226D-4934-8A49-7C1F80FCF818}
	EndGlobalSection
EndGlobal
